
Microsoft Visual Studio Solution File, Format Version 12.00
# Visual Studio Version 17
VisualStudioVersion = 17.0.32126.317
MinimumVisualStudioVersion = 10.0.40219.1
Project("{FAE04EC0-301F-11D3-BF4B-00C04F79EFBC}") = "BugTracker", "BugTracker.csproj", "{67842CBC-B310-4FF0-BEDC-5EA62D4A0B9F}"
EndProject
Global
	GlobalSection(SolutionConfigurationPlatforms) = preSolution
		Debug|Any CPU = Debug|Any CPU
		Release|Any CPU = Release|Any CPU
	EndGlobalSection
	GlobalSection(ProjectConfigurationPlatforms) = postSolution
		{67842CBC-B310-4FF0-BEDC-5EA62D4A0B9F}.Debug|Any CPU.ActiveCfg = Debug|Any CPU
		{67842CBC-B310-4FF0-BEDC-5EA62D4A0B9F}.Debug|Any CPU.Build.0 = Debug|Any CPU
		{67842CBC-B310-4FF0-BEDC-5EA62D4A0B9F}.Release|Any CPU.ActiveCfg = Release|Any CPU
		{67842CBC-B310-4FF0-BEDC-5EA62D4A0B9F}.Release|Any CPU.Build.0 = Release|Any CPU
	EndGlobalSection
	GlobalSection(SolutionProperties) = preSolution
		HideSolutionNode = FALSE
	EndGlobalSection
	GlobalSection(ExtensibilityGlobals) = postSolution
		SolutionGuid = {E2439EAF-76D8-4C22-9142-F341A0B027C5}
	EndGlobalSection
EndGlobal
